
Microsoft Visual Studio Solution File, Format Version 12.00
# Visual Studio 15
VisualStudioVersion = 15.0.27130.2010
MinimumVisualStudioVersion = 10.0.40219.1
Project("{E24C65DC-7377-472B-9ABA-BC803B73C61A}") = "FoodChain", "FoodChain\", "{3B1B22B6-2A91-4E3B-A027-A7372DBAA719}"
	ProjectSection(WebsiteProperties) = preProject
		TargetFrameworkMoniker = ".NETFramework,Version%3Dv4.6.1"
		Debug.AspNetCompiler.VirtualPath = "/localhost_58089"
		Debug.AspNetCompiler.PhysicalPath = "FoodChain\"
		Debug.AspNetCompiler.TargetPath = "PrecompiledWeb\localhost_58089\"
		Debug.AspNetCompiler.Updateable = "true"
		Debug.AspNetCompiler.ForceOverwrite = "true"
		Debug.AspNetCompiler.FixedNames = "false"
		Debug.AspNetCompiler.Debug = "True"
		Release.AspNetCompiler.VirtualPath = "/localhost_58089"
		Release.AspNetCompiler.PhysicalPath = "FoodChain\"
		Release.AspNetCompiler.TargetPath = "PrecompiledWeb\localhost_58089\"
		Release.AspNetCompiler.Updateable = "true"
		Release.AspNetCompiler.ForceOverwrite = "true"
		Release.AspNetCompiler.FixedNames = "false"
		Release.AspNetCompiler.Debug = "False"
		VWDPort = "58089"
		SlnRelativePath = "FoodChain\"
		DefaultWebSiteLanguage = "Visual C#"
	EndProjectSection
EndProject
Global
	GlobalSection(SolutionConfigurationPlatforms) = preSolution
		Debug|Any CPU = Debug|Any CPU
	EndGlobalSection
	GlobalSection(ProjectConfigurationPlatforms) = postSolution
		{3B1B22B6-2A91-4E3B-A027-A7372DBAA719}.Debug|Any CPU.ActiveCfg = Debug|Any CPU
		{3B1B22B6-2A91-4E3B-A027-A7372DBAA719}.Debug|Any CPU.Build.0 = Debug|Any CPU
	EndGlobalSection
	GlobalSection(SolutionProperties) = preSolution
		HideSolutionNode = FALSE
	EndGlobalSection
	GlobalSection(ExtensibilityGlobals) = postSolution
		SolutionGuid = {401AD685-C0C3-483B-9912-E9A2710EDB60}
	EndGlobalSection
EndGlobal
